
Microsoft Visual Studio Solution File, Format Version 12.00
# Visual Studio 15
VisualStudioVersion = 15.0.28010.2046
MinimumVisualStudioVersion = 10.0.40219.1
Project("{FAE04EC0-301F-11D3-BF4B-00C04F79EFBC}") = "HW4", "HW4\HW4.csproj", "{1B23537B-ABE8-4BE4-8D63-5295A26050A2}"
EndProject
Global
	GlobalSection(SolutionConfigurationPlatforms) = preSolution
		Debug|Any CPU = Debug|Any CPU
		Release|Any CPU = Release|Any CPU
	EndGlobalSection
	GlobalSection(ProjectConfigurationPlatforms) = postSolution
		{1B23537B-ABE8-4BE4-8D63-5295A26050A2}.Debug|Any CPU.ActiveCfg = Debug|Any CPU
		{1B23537B-ABE8-4BE4-8D63-5295A26050A2}.Debug|Any CPU.Build.0 = Debug|Any CPU
		{1B23537B-ABE8-4BE4-8D63-5295A26050A2}.Release|Any CPU.ActiveCfg = Release|Any CPU
		{1B23537B-ABE8-4BE4-8D63-5295A26050A2}.Release|Any CPU.Build.0 = Release|Any CPU
	EndGlobalSection
	GlobalSection(SolutionProperties) = preSolution
		HideSolutionNode = FALSE
	EndGlobalSection
	GlobalSection(ExtensibilityGlobals) = postSolution
		SolutionGuid = {E8A5D74E-D23E-48FD-B86D-57984BFF0FB0}
	EndGlobalSection
EndGlobal
