
Microsoft Visual Studio Solution File, Format Version 12.00
# Visual Studio 15
VisualStudioVersion = 15.0.28010.2046
MinimumVisualStudioVersion = 10.0.40219.1
Project("{FAE04EC0-301F-11D3-BF4B-00C04F79EFBC}") = "HW8", "HW8\HW8.csproj", "{C210CA07-721A-4F56-96C0-3406CF1F484A}"
EndProject
Global
	GlobalSection(SolutionConfigurationPlatforms) = preSolution
		Debug|Any CPU = Debug|Any CPU
		Release|Any CPU = Release|Any CPU
	EndGlobalSection
	GlobalSection(ProjectConfigurationPlatforms) = postSolution
		{C210CA07-721A-4F56-96C0-3406CF1F484A}.Debug|Any CPU.ActiveCfg = Debug|Any CPU
		{C210CA07-721A-4F56-96C0-3406CF1F484A}.Debug|Any CPU.Build.0 = Debug|Any CPU
		{C210CA07-721A-4F56-96C0-3406CF1F484A}.Release|Any CPU.ActiveCfg = Release|Any CPU
		{C210CA07-721A-4F56-96C0-3406CF1F484A}.Release|Any CPU.Build.0 = Release|Any CPU
	EndGlobalSection
	GlobalSection(SolutionProperties) = preSolution
		HideSolutionNode = FALSE
	EndGlobalSection
	GlobalSection(ExtensibilityGlobals) = postSolution
		SolutionGuid = {5E6C60A8-4CB4-4FF4-A4C0-DC7828D70210}
	EndGlobalSection
EndGlobal
